
Microsoft Visual Studio Solution File, Format Version 12.00
# Visual Studio 2013
VisualStudioVersion = 12.0.21005.1
MinimumVisualStudioVersion = 10.0.40219.1
Project("{8BC9CEB8-8B4A-11D0-8D11-00A0C91BC942}") = "Client LIB", "Client LIB\Client LIB.vcxproj", "{128CC072-6500-4F61-AC9A-94C49C908919}"
EndProject
Global
	GlobalSection(SolutionConfigurationPlatforms) = preSolution
		Debug|Win32 = Debug|Win32
		Release|Win32 = Release|Win32
	EndGlobalSection
	GlobalSection(ProjectConfigurationPlatforms) = postSolution
		{128CC072-6500-4F61-AC9A-94C49C908919}.Debug|Win32.ActiveCfg = Debug|Win32
		{128CC072-6500-4F61-AC9A-94C49C908919}.Debug|Win32.Build.0 = Debug|Win32
		{128CC072-6500-4F61-AC9A-94C49C908919}.Release|Win32.ActiveCfg = Release|Win32
		{128CC072-6500-4F61-AC9A-94C49C908919}.Release|Win32.Build.0 = Release|Win32
	EndGlobalSection
	GlobalSection(SolutionProperties) = preSolution
		HideSolutionNode = FALSE
	EndGlobalSection
EndGlobal
